
Microsoft Visual Studio Solution File, Format Version 12.00
# Visual Studio Version 17
VisualStudioVersion = 17.1.32210.238
MinimumVisualStudioVersion = 10.0.40219.1
Project("{FAE04EC0-301F-11D3-BF4B-00C04F79EFBC}") = "Eraki.UTTools.UTQuickLauncher.WinForm", "Eraki.UTTools.UTQuickLauncher.WinForm\Eraki.UTTools.UTQuickLauncher.WinForm.csproj", "{416BB155-EE8A-465E-9AF1-AC82644037D4}"
EndProject
Project("{2150E333-8FDC-42A3-9474-1A3956D46DE8}") = "Solution Items", "Solution Items", "{5979CFB6-1A31-412D-A979-40F2AF44EED0}"
	ProjectSection(SolutionItems) = preProject
		..\.gitignore = ..\.gitignore
		..\README.md = ..\README.md
	EndProjectSection
EndProject
Global
	GlobalSection(SolutionConfigurationPlatforms) = preSolution
		Debug|Any CPU = Debug|Any CPU
		Release|Any CPU = Release|Any CPU
	EndGlobalSection
	GlobalSection(ProjectConfigurationPlatforms) = postSolution
		{416BB155-EE8A-465E-9AF1-AC82644037D4}.Debug|Any CPU.ActiveCfg = Debug|Any CPU
		{416BB155-EE8A-465E-9AF1-AC82644037D4}.Debug|Any CPU.Build.0 = Debug|Any CPU
		{416BB155-EE8A-465E-9AF1-AC82644037D4}.Release|Any CPU.ActiveCfg = Release|Any CPU
		{416BB155-EE8A-465E-9AF1-AC82644037D4}.Release|Any CPU.Build.0 = Release|Any CPU
	EndGlobalSection
	GlobalSection(SolutionProperties) = preSolution
		HideSolutionNode = FALSE
	EndGlobalSection
	GlobalSection(ExtensibilityGlobals) = postSolution
		SolutionGuid = {5D044D10-E354-4D30-99DF-65C4DB8A8828}
	EndGlobalSection
EndGlobal
